// !$*UTF8*$!
{
	archiveVersion = 1;
	classes = {
	};
	objectVersion = 77;
	objects = {

/* Begin PBXContainerItemProxy section */
		EFB4AB682E0D2FEE007A6FA4 /* PBXContainerItemProxy */ = {
			isa = PBXContainerItemProxy;
			containerPortal = EFB4AB492E0D2FEC007A6FA4 /* Project object */;
			proxyType = 1;
			remoteGlobalIDString = EFB4AB502E0D2FEC007A6FA4;
			remoteInfo = SignUpUIpractice;
		};
		EFB4AB722E0D2FEE007A6FA4 /* PBXContainerItemProxy */ = {
			isa = PBXContainerItemProxy;
			containerPortal = EFB4AB492E0D2FEC007A6FA4 /* Project object */;
			proxyType = 1;
			remoteGlobalIDString = EFB4AB502E0D2FEC007A6FA4;
			remoteInfo = SignUpUIpractice;
		};
/* End PBXContainerItemProxy section */

/* Begin PBXFileReference section */
		EFB4AB512E0D2FEC007A6FA4 /* SignUpUIpractice.app */ = {isa = PBXFileReference; explicitFileType = wrapper.application; includeInIndex = 0; path = SignUpUIpractice.app; sourceTree = BUILT_PRODUCTS_DIR; };
		EFB4AB672E0D2FEE007A6FA4 /* SignUpUIpracticeTests.xctest */ = {isa = PBXFileReference; explicitFileType = wrapper.cfbundle; includeInIndex = 0; path = SignUpUIpracticeTests.xctest; sourceTree = BUILT_PRODUCTS_DIR; };
		EFB4AB712E0D2FEE007A6FA4 /* SignUpUIpracticeUITests.xctest */ = {isa = PBXFileReference; explicitFileType = wrapper.cfbundle; includeInIndex = 0; path = SignUpUIpracticeUITests.xctest; sourceTree = BUILT_PRODUCTS_DIR; };
/* End PBXFileReference section */

/* Begin PBXFileSystemSynchronizedBuildFileExceptionSet section */
		EFB4AB792E0D2FEE007A6FA4 /* Exceptions for "SignUpUIpractice" folder in "SignUpUIpractice" target */ = {
			isa = PBXFileSystemSynchronizedBuildFileExceptionSet;
			membershipExceptions = (
				Info.plist,
			);
			target = EFB4AB502E0D2FEC007A6FA4 /* SignUpUIpractice */;
		};
/* End PBXFileSystemSynchronizedBuildFileExceptionSet section */

/* Begin PBXFileSystemSynchronizedRootGroup section */
		EFB4AB532E0D2FEC007A6FA4 /* SignUpUIpractice */ = {
			isa = PBXFileSystemSynchronizedRootGroup;
			exceptions = (
				EFB4AB792E0D2FEE007A6FA4 /* Exceptions for "SignUpUIpractice" folder in "SignUpUIpractice" target */,
			);
			path = SignUpUIpractice;
			sourceTree = "<group>";
		};
		EFB4AB6A2E0D2FEE007A6FA4 /* SignUpUIpracticeTests */ = {
			isa = PBXFileSystemSynchronizedRootGroup;
			path = SignUpUIpracticeTests;
			sourceTree = "<group>";
		};
		EFB4AB742E0D2FEE007A6FA4 /* SignUpUIpracticeUITests */ = {
			isa = PBXFileSystemSynchronizedRootGroup;
			path = SignUpUIpracticeUITests;
			sourceTree = "<group>";
		};
/* End PBXFileSystemSynchronizedRootGroup section */

/* Begin PBXFrameworksBuildPhase section */
		EFB4AB4E2E0D2FEC007A6FA4 /* Frameworks */ = {
			isa = PBXFrameworksBuildPhase;
			buildActionMask = 2147483647;
			files = (
			);
			runOnlyForDeploymentPostprocessing = 0;
		};
		EFB4AB642E0D2FEE007A6FA4 /* Frameworks */ = {
			isa = PBXFrameworksBuildPhase;
			buildActionMask = 2147483647;
			files = (
			);
			runOnlyForDeploymentPostprocessing = 0;
		};
		EFB4AB6E2E0D2FEE007A6FA4 /* Frameworks */ = {
			isa = PBXFrameworksBuildPhase;
			buildActionMask = 2147483647;
			files = (
			);
			runOnlyForDeploymentPostprocessing = 0;
		};
/* End PBXFrameworksBuildPhase section */

/* Begin PBXGroup section */
		EFB4AB482E0D2FEC007A6FA4 = {
			isa = PBXGroup;
			children = (
				EFB4AB532E0D2FEC007A6FA4 /* SignUpUIpractice */,
				EFB4AB6A2E0D2FEE007A6FA4 /* SignUpUIpracticeTests */,
				EFB4AB742E0D2FEE007A6FA4 /* SignUpUIpracticeUITests */,
				EFB4AB522E0D2FEC007A6FA4 /* Products */,
			);
			sourceTree = "<group>";
		};
		EFB4AB522E0D2FEC007A6FA4 /* Products */ = {
			isa = PBXGroup;
			children = (
				EFB4AB512E0D2FEC007A6FA4 /* SignUpUIpractice.app */,
				EFB4AB672E0D2FEE007A6FA4 /* SignUpUIpracticeTests.xctest */,
				EFB4AB712E0D2FEE007A6FA4 /* SignUpUIpracticeUITests.xctest */,
			);
			name = Products;
			sourceTree = "<group>";
		};
/* End PBXGroup section */

/* Begin PBXNativeTarget section */
		EFB4AB502E0D2FEC007A6FA4 /* SignUpUIpractice */ = {
			isa = PBXNativeTarget;
			buildConfigurationList = EFB4AB7A2E0D2FEE007A6FA4 /* Build configuration list for PBXNativeTarget "SignUpUIpractice" */;
			buildPhases = (
				EFB4AB4D2E0D2FEC007A6FA4 /* Sources */,
				EFB4AB4E2E0D2FEC007A6FA4 /* Frameworks */,
				EFB4AB4F2E0D2FEC007A6FA4 /* Resources */,
			);
			buildRules = (
			);
			dependencies = (
			);
			fileSystemSynchronizedGroups = (
				EFB4AB532E0D2FEC007A6FA4 /* SignUpUIpractice */,
			);
			name = SignUpUIpractice;
			packageProductDependencies = (
			);
			productName = SignUpUIpractice;
			productReference = EFB4AB512E0D2FEC007A6FA4 /* SignUpUIpractice.app */;
			productType = "com.apple.product-type.application";
		};
		EFB4AB662E0D2FEE007A6FA4 /* SignUpUIpracticeTests */ = {
			isa = PBXNativeTarget;
			buildConfigurationList = EFB4AB7F2E0D2FEE007A6FA4 /* Build configuration list for PBXNativeTarget "SignUpUIpracticeTests" */;
			buildPhases = (
				EFB4AB632E0D2FEE007A6FA4 /* Sources */,
				EFB4AB642E0D2FEE007A6FA4 /* Frameworks */,
				EFB4AB652E0D2FEE007A6FA4 /* Resources */,
			);
			buildRules = (
			);
			dependencies = (
				EFB4AB692E0D2FEE007A6FA4 /* PBXTargetDependency */,
			);
			fileSystemSynchronizedGroups = (
				EFB4AB6A2E0D2FEE007A6FA4 /* SignUpUIpracticeTests */,
			);
			name = SignUpUIpracticeTests;
			packageProductDependencies = (
			);
			productName = SignUpUIpracticeTests;
			productReference = EFB4AB672E0D2FEE007A6FA4 /* SignUpUIpracticeTests.xctest */;
			productType = "com.apple.product-type.bundle.unit-test";
		};
		EFB4AB702E0D2FEE007A6FA4 /* SignUpUIpracticeUITests */ = {
			isa = PBXNativeTarget;
			buildConfigurationList = EFB4AB822E0D2FEE007A6FA4 /* Build configuration list for PBXNativeTarget "SignUpUIpracticeUITests" */;
			buildPhases = (
				EFB4AB6D2E0D2FEE007A6FA4 /* Sources */,
				EFB4AB6E2E0D2FEE007A6FA4 /* Frameworks */,
				EFB4AB6F2E0D2FEE007A6FA4 /* Resources */,
			);
			buildRules = (
			);
			dependencies = (
				EFB4AB732E0D2FEE007A6FA4 /* PBXTargetDependency */,
			);
			fileSystemSynchronizedGroups = (
				EFB4AB742E0D2FEE007A6FA4 /* SignUpUIpracticeUITests */,
			);
			name = SignUpUIpracticeUITests;
			packageProductDependencies = (
			);
			productName = SignUpUIpracticeUITests;
			productReference = EFB4AB712E0D2FEE007A6FA4 /* SignUpUIpracticeUITests.xctest */;
			productType = "com.apple.product-type.bundle.ui-testing";
		};
/* End PBXNativeTarget section */

/* Begin PBXProject section */
		EFB4AB492E0D2FEC007A6FA4 /* Project object */ = {
			isa = PBXProject;
			attributes = {
				BuildIndependentTargetsInParallel = 1;
				LastSwiftUpdateCheck = 1640;
				LastUpgradeCheck = 1640;
				TargetAttributes = {
					EFB4AB502E0D2FEC007A6FA4 = {
						CreatedOnToolsVersion = 16.4;
					};
					EFB4AB662E0D2FEE007A6FA4 = {
						CreatedOnToolsVersion = 16.4;
						TestTargetID = EFB4AB502E0D2FEC007A6FA4;
					};
					EFB4AB702E0D2FEE007A6FA4 = {
						CreatedOnToolsVersion = 16.4;
						TestTargetID = EFB4AB502E0D2FEC007A6FA4;
					};
				};
			};
			buildConfigurationList = EFB4AB4C2E0D2FEC007A6FA4 /* Build configuration list for PBXProject "SignUpUIpractice" */;
			developmentRegion = en;
			hasScannedForEncodings = 0;
			knownRegions = (
				en,
				Base,
			);
			mainGroup = EFB4AB482E0D2FEC007A6FA4;
			minimizedProjectReferenceProxies = 1;
			preferredProjectObjectVersion = 77;
			productRefGroup = EFB4AB522E0D2FEC007A6FA4 /* Products */;
			projectDirPath = "";
			projectRoot = "";
			targets = (
				EFB4AB502E0D2FEC007A6FA4 /* SignUpUIpractice */,
				EFB4AB662E0D2FEE007A6FA4 /* SignUpUIpracticeTests */,
				EFB4AB702E0D2FEE007A6FA4 /* SignUpUIpracticeUITests */,
			);
		};
/* End PBXProject section */

/* Begin PBXResourcesBuildPhase section */
		EFB4AB4F2E0D2FEC007A6FA4 /* Resources */ = {
			isa = PBXResourcesBuildPhase;
			buildActionMask = 2147483647;
			files = (
			);
			runOnlyForDeploymentPostprocessing = 0;
		};
		EFB4AB652E0D2FEE007A6FA4 /* Resources */ = {
			isa = PBXResourcesBuildPhase;
			buildActionMask = 2147483647;
			files = (
			);
			runOnlyForDeploymentPostprocessing = 0;
		};
		EFB4AB6F2E0D2FEE007A6FA4 /* Resources */ = {
			isa = PBXResourcesBuildPhase;
			buildActionMask = 2147483647;
			files = (
			);
			runOnlyForDeploymentPostprocessing = 0;
		};
/* End PBXResourcesBuildPhase section */

/* Begin PBXSourcesBuildPhase section */
		EFB4AB4D2E0D2FEC007A6FA4 /* Sources */ = {
			isa = PBXSourcesBuildPhase;
			buildActionMask = 2147483647;
			files = (
			);
			runOnlyForDeploymentPostprocessing = 0;
		};
		EFB4AB632E0D2FEE007A6FA4 /* Sources */ = {
			isa = PBXSourcesBuildPhase;
			buildActionMask = 2147483647;
			files = (
			);
			runOnlyForDeploymentPostprocessing = 0;
		};
		EFB4AB6D2E0D2FEE007A6FA4 /* Sources */ = {
			isa = PBXSourcesBuildPhase;
			buildActionMask = 2147483647;
			files = (
			);
			runOnlyForDeploymentPostprocessing = 0;
		};
/* End PBXSourcesBuildPhase section */

/* Begin PBXTargetDependency section */
		EFB4AB692E0D2FEE007A6FA4 /* PBXTargetDependency */ = {
			isa = PBXTargetDependency;
			target = EFB4AB502E0D2FEC007A6FA4 /* SignUpUIpractice */;
			targetProxy = EFB4AB682E0D2FEE007A6FA4 /* PBXContainerItemProxy */;
		};
		EFB4AB732E0D2FEE007A6FA4 /* PBXTargetDependency */ = {
			isa = PBXTargetDependency;
			target = EFB4AB502E0D2FEC007A6FA4 /* SignUpUIpractice */;
			targetProxy = EFB4AB722E0D2FEE007A6FA4 /* PBXContainerItemProxy */;
		};
/* End PBXTargetDependency section */

/* Begin XCBuildConfiguration section */
		EFB4AB7B2E0D2FEE007A6FA4 /* Debug */ = {
			isa = XCBuildConfiguration;
			buildSettings = {
				ASSETCATALOG_COMPILER_APPICON_NAME = AppIcon;
				ASSETCATALOG_COMPILER_GLOBAL_ACCENT_COLOR_NAME = AccentColor;
				CODE_SIGN_STYLE = Automatic;
				CURRENT_PROJECT_VERSION = 1;
				GENERATE_INFOPLIST_FILE = YES;
				INFOPLIST_FILE = SignUpUIpractice/Info.plist;
				INFOPLIST_KEY_UIApplicationSupportsIndirectInputEvents = YES;
				INFOPLIST_KEY_UILaunchStoryboardName = LaunchScreen;
				INFOPLIST_KEY_UIMainStoryboardFile = Main;
				INFOPLIST_KEY_UISupportedInterfaceOrientations_iPad = "UIInterfaceOrientationPortrait UIInterfaceOrientationPortraitUpsideDown UIInterfaceOrientationLandscapeLeft UIInterfaceOrientationLandscapeRight";
				INFOPLIST_KEY_UISupportedInterfaceOrientations_iPhone = "UIInterfaceOrientationPortrait UIInterfaceOrientationLandscapeLeft UIInterfaceOrientationLandscapeRight";
				LD_RUNPATH_SEARCH_PATHS = (
					"$(inherited)",
					"@executable_path/Frameworks",
				);
				MARKETING_VERSION = 1.0;
				PRODUCT_BUNDLE_IDENTIFIER = "Kang-Woo-Jung.SignUpUIpractice";
				PRODUCT_NAME = "$(TARGET_NAME)";
				SWIFT_EMIT_LOC_STRINGS = YES;
				SWIFT_VERSION = 5.0;
				TARGETED_DEVICE_FAMILY = "1,2";
			};
			name = Debug;
		};
		EFB4AB7C2E0D2FEE007A6FA4 /* Release */ = {
			isa = XCBuildConfiguration;
			buildSettings = {
				ASSETCATALOG_COMPILER_APPICON_NAME = AppIcon;
				ASSETCATALOG_COMPILER_GLOBAL_ACCENT_COLOR_NAME = AccentColor;
				CODE_SIGN_STYLE = Automatic;
				CURRENT_PROJECT_VERSION = 1;
				GENERATE_INFOPLIST_FILE = YES;
				INFOPLIST_FILE = SignUpUIpractice/Info.plist;
				INFOPLIST_KEY_UIApplicationSupportsIndirectInputEvents = YES;
				INFOPLIST_KEY_UILaunchStoryboardName = LaunchScreen;
				INFOPLIST_KEY_UIMainStoryboardFile = Main;
				INFOPLIST_KEY_UISupportedInterfaceOrientations_iPad = "UIInterfaceOrientationPortrait UIInterfaceOrientationPortraitUpsideDown UIInterfaceOrientationLandscapeLeft UIInterfaceOrientationLandscapeRight";
				INFOPLIST_KEY_UISupportedInterfaceOrientations_iPhone = "UIInterfaceOrientationPortrait UIInterfaceOrientationLandscapeLeft UIInterfaceOrientationLandscapeRight";
				LD_RUNPATH_SEARCH_PATHS = (
					"$(inherited)",
					"@executable_path/Frameworks",
				);
				MARKETING_VERSION = 1.0;
				PRODUCT_BUNDLE_IDENTIFIER = "Kang-Woo-Jung.SignUpUIpractice";
				PRODUCT_NAME = "$(TARGET_NAME)";
				SWIFT_EMIT_LOC_STRINGS = YES;
				SWIFT_VERSION = 5.0;
				TARGETED_DEVICE_FAMILY = "1,2";
			};
			name = Release;
		};
		EFB4AB7D2E0D2FEE007A6FA4 /* Debug */ = {
			isa = XCBuildConfiguration;
			buildSettings = {
				ALWAYS_SEARCH_USER_PATHS = NO;
				ASSETCATALOG_COMPILER_GENERATE_SWIFT_ASSET_SYMBOL_EXTENSIONS = YES;
				CLANG_ANALYZER_NONNULL = YES;
				CLANG_ANALYZER_NUMBER_OBJECT_CONVERSION = YES_AGGRESSIVE;
				CLANG_CXX_LANGUAGE_STANDARD = "gnu++20";
				CLANG_ENABLE_MODULES = YES;
				CLANG_ENABLE_OBJC_ARC = YES;
				CLANG_ENABLE_OBJC_WEAK = YES;
				CLANG_WARN_BLOCK_CAPTURE_AUTORELEASING = YES;
				CLANG_WARN_BOOL_CONVERSION = YES;
				CLANG_WARN_COMMA = YES;
				CLANG_WARN_CONSTANT_CONVERSION = YES;
				CLANG_WARN_DEPRECATED_OBJC_IMPLEMENTATIONS = YES;
				CLANG_WARN_DIRECT_OBJC_ISA_USAGE = YES_ERROR;
				CLANG_WARN_DOCUMENTATION_COMMENTS = YES;
				CLANG_WARN_EMPTY_BODY = YES;
				CLANG_WARN_ENUM_CONVERSION = YES;
				CLANG_WARN_INFINITE_RECURSION = YES;
				CLANG_WARN_INT_CONVERSION = YES;
				CLANG_WARN_NON_LITERAL_NULL_CONVERSION = YES;
				CLANG_WARN_OBJC_IMPLICIT_RETAIN_SELF = YES;
				CLANG_WARN_OBJC_LITERAL_CONVERSION = YES;
				CLANG_WARN_OBJC_ROOT_CLASS = YES_ERROR;
				CLANG_WARN_QUOTED_INCLUDE_IN_FRAMEWORK_HEADER = YES;
				CLANG_WARN_RANGE_LOOP_ANALYSIS = YES;
				CLANG_WARN_STRICT_PROTOTYPES = YES;
				CLANG_WARN_SUSPICIOUS_MOVE = YES;
				CLANG_WARN_UNGUARDED_AVAILABILITY = YES_AGGRESSIVE;
				CLANG_WARN_UNREACHABLE_CODE = YES;
				CLANG_WARN__DUPLICATE_METHOD_MATCH = YES;
				COPY_PHASE_STRIP = NO;
				DEBUG_INFORMATION_FORMAT = dwarf;
				ENABLE_STRICT_OBJC_MSGSEND = YES;
				ENABLE_TESTABILITY = YES;
				ENABLE_USER_SCRIPT_SANDBOXING = YES;
				GCC_C_LANGUAGE_STANDARD = gnu17;
				GCC_DYNAMIC_NO_PIC = NO;
				GCC_NO_COMMON_BLOCKS = YES;
				GCC_OPTIMIZATION_LEVEL = 0;
				GCC_PREPROCESSOR_DEFINITIONS = (
					"DEBUG=1",
					"$(inherited)",
				);
				GCC_WARN_64_TO_32_BIT_CONVERSION = YES;
				GCC_WARN_ABOUT_RETURN_TYPE = YES_ERROR;
				GCC_WARN_UNDECLARED_SELECTOR = YES;
				GCC_WARN_UNINITIALIZED_AUTOS = YES_AGGRESSIVE;
				GCC_WARN_UNUSED_FUNCTION = YES;
				GCC_WARN_UNUSED_VARIABLE = YES;
				IPHONEOS_DEPLOYMENT_TARGET = 18.5;
				LOCALIZATION_PREFERS_STRING_CATALOGS = YES;
				MTL_ENABLE_DEBUG_INFO = INCLUDE_SOURCE;
				MTL_FAST_MATH = YES;
				ONLY_ACTIVE_ARCH = YES;
				SDKROOT = iphoneos;
				SWIFT_ACTIVE_COMPILATION_CONDITIONS = "DEBUG $(inherited)";
				SWIFT_OPTIMIZATION_LEVEL = "-Onone";
			};
			name = Debug;
		};
		EFB4AB7E2E0D2FEE007A6FA4 /* Release */ = {
			isa = XCBuildConfiguration;
			buildSettings = {
				ALWAYS_SEARCH_USER_PATHS = NO;
				ASSETCATALOG_COMPILER_GENERATE_SWIFT_ASSET_SYMBOL_EXTENSIONS = YES;
				CLANG_ANALYZER_NONNULL = YES;
				CLANG_ANALYZER_NUMBER_OBJECT_CONVERSION = YES_AGGRESSIVE;
				CLANG_CXX_LANGUAGE_STANDARD = "gnu++20";
				CLANG_ENABLE_MODULES = YES;
				CLANG_ENABLE_OBJC_ARC = YES;
				CLANG_ENABLE_OBJC_WEAK = YES;
				CLANG_WARN_BLOCK_CAPTURE_AUTORELEASING = YES;
				CLANG_WARN_BOOL_CONVERSION = YES;
				CLANG_WARN_COMMA = YES;
				CLANG_WARN_CONSTANT_CONVERSION = YES;
				CLANG_WARN_DEPRECATED_OBJC_IMPLEMENTATIONS = YES;
				CLANG_WARN_DIRECT_OBJC_ISA_USAGE = YES_ERROR;
				CLANG_WARN_DOCUMENTATION_COMMENTS = YES;
				CLANG_WARN_EMPTY_BODY = YES;
				CLANG_WARN_ENUM_CONVERSION = YES;
				CLANG_WARN_INFINITE_RECURSION = YES;
				CLANG_WARN_INT_CONVERSION = YES;
				CLANG_WARN_NON_LITERAL_NULL_CONVERSION = YES;
				CLANG_WARN_OBJC_IMPLICIT_RETAIN_SELF = YES;
				CLANG_WARN_OBJC_LITERAL_CONVERSION = YES;
				CLANG_WARN_OBJC_ROOT_CLASS = YES_ERROR;
				CLANG_WARN_QUOTED_INCLUDE_IN_FRAMEWORK_HEADER = YES;
				CLANG_WARN_RANGE_LOOP_ANALYSIS = YES;
				CLANG_WARN_STRICT_PROTOTYPES = YES;
				CLANG_WARN_SUSPICIOUS_MOVE = YES;
				CLANG_WARN_UNGUARDED_AVAILABILITY = YES_AGGRESSIVE;
				CLANG_WARN_UNREACHABLE_CODE = YES;
				CLANG_WARN__DUPLICATE_METHOD_MATCH = YES;
				COPY_PHASE_STRIP = NO;
				DEBUG_INFORMATION_FORMAT = "dwarf-with-dsym";
				ENABLE_NS_ASSERTIONS = NO;
				ENABLE_STRICT_OBJC_MSGSEND = YES;
				ENABLE_USER_SCRIPT_SANDBOXING = YES;
				GCC_C_LANGUAGE_STANDARD = gnu17;
				GCC_NO_COMMON_BLOCKS = YES;
				GCC_WARN_64_TO_32_BIT_CONVERSION = YES;
				GCC_WARN_ABOUT_RETURN_TYPE = YES_ERROR;
				GCC_WARN_UNDECLARED_SELECTOR = YES;
				GCC_WARN_UNINITIALIZED_AUTOS = YES_AGGRESSIVE;
				GCC_WARN_UNUSED_FUNCTION = YES;
				GCC_WARN_UNUSED_VARIABLE = YES;
				IPHONEOS_DEPLOYMENT_TARGET = 18.5;
				LOCALIZATION_PREFERS_STRING_CATALOGS = YES;
				MTL_ENABLE_DEBUG_INFO = NO;
				MTL_FAST_MATH = YES;
				SDKROOT = iphoneos;
				SWIFT_COMPILATION_MODE = wholemodule;
				VALIDATE_PRODUCT = YES;
			};
			name = Release;
		};
		EFB4AB802E0D2FEE007A6FA4 /* Debug */ = {
			isa = XCBuildConfiguration;
			buildSettings = {
				BUNDLE_LOADER = "$(TEST_HOST)";
				CODE_SIGN_STYLE = Automatic;
				CURRENT_PROJECT_VERSION = 1;
				GENERATE_INFOPLIST_FILE = YES;
				IPHONEOS_DEPLOYMENT_TARGET = 18.5;
				MARKETING_VERSION = 1.0;
				PRODUCT_BUNDLE_IDENTIFIER = "Kang-Woo-Jung.SignUpUIpracticeTests";
				PRODUCT_NAME = "$(TARGET_NAME)";
				SWIFT_EMIT_LOC_STRINGS = NO;
				SWIFT_VERSION = 5.0;
				TARGETED_DEVICE_FAMILY = "1,2";
				TEST_HOST = "$(BUILT_PRODUCTS_DIR)/SignUpUIpractice.app/$(BUNDLE_EXECUTABLE_FOLDER_PATH)/SignUpUIpractice";
			};
			name = Debug;
		};
		EFB4AB812E0D2FEE007A6FA4 /* Release */ = {
			isa = XCBuildConfiguration;
			buildSettings = {
				BUNDLE_LOADER = "$(TEST_HOST)";
				CODE_SIGN_STYLE = Automatic;
				CURRENT_PROJECT_VERSION = 1;
				GENERATE_INFOPLIST_FILE = YES;
				IPHONEOS_DEPLOYMENT_TARGET = 18.5;
				MARKETING_VERSION = 1.0;
				PRODUCT_BUNDLE_IDENTIFIER = "Kang-Woo-Jung.SignUpUIpracticeTests";
				PRODUCT_NAME = "$(TARGET_NAME)";
				SWIFT_EMIT_LOC_STRINGS = NO;
				SWIFT_VERSION = 5.0;
				TARGETED_DEVICE_FAMILY = "1,2";
				TEST_HOST = "$(BUILT_PRODUCTS_DIR)/SignUpUIpractice.app/$(BUNDLE_EXECUTABLE_FOLDER_PATH)/SignUpUIpractice";
			};
			name = Release;
		};
		EFB4AB832E0D2FEE007A6FA4 /* Debug */ = {
			isa = XCBuildConfiguration;
			buildSettings = {
				CODE_SIGN_STYLE = Automatic;
				CURRENT_PROJECT_VERSION = 1;
				GENERATE_INFOPLIST_FILE = YES;
				MARKETING_VERSION = 1.0;
				PRODUCT_BUNDLE_IDENTIFIER = "Kang-Woo-Jung.SignUpUIpracticeUITests";
				PRODUCT_NAME = "$(TARGET_NAME)";
				SWIFT_EMIT_LOC_STRINGS = NO;
				SWIFT_VERSION = 5.0;
				TARGETED_DEVICE_FAMILY = "1,2";
				TEST_TARGET_NAME = SignUpUIpractice;
			};
			name = Debug;
		};
		EFB4AB842E0D2FEE007A6FA4 /* Release */ = {
			isa = XCBuildConfiguration;
			buildSettings = {
				CODE_SIGN_STYLE = Automatic;
				CURRENT_PROJECT_VERSION = 1;
				GENERATE_INFOPLIST_FILE = YES;
				MARKETING_VERSION = 1.0;
				PRODUCT_BUNDLE_IDENTIFIER = "Kang-Woo-Jung.SignUpUIpracticeUITests";
				PRODUCT_NAME = "$(TARGET_NAME)";
				SWIFT_EMIT_LOC_STRINGS = NO;
				SWIFT_VERSION = 5.0;
				TARGETED_DEVICE_FAMILY = "1,2";
				TEST_TARGET_NAME = SignUpUIpractice;
			};
			name = Release;
		};
/* End XCBuildConfiguration section */

/* Begin XCConfigurationList section */
		EFB4AB4C2E0D2FEC007A6FA4 /* Build configuration list for PBXProject "SignUpUIpractice" */ = {
			isa = XCConfigurationList;
			buildConfigurations = (
				EFB4AB7D2E0D2FEE007A6FA4 /* Debug */,
				EFB4AB7E2E0D2FEE007A6FA4 /* Release */,
			);
			defaultConfigurationIsVisible = 0;
			defaultConfigurationName = Release;
		};
		EFB4AB7A2E0D2FEE007A6FA4 /* Build configuration list for PBXNativeTarget "SignUpUIpractice" */ = {
			isa = XCConfigurationList;
			buildConfigurations = (
				EFB4AB7B2E0D2FEE007A6FA4 /* Debug */,
				EFB4AB7C2E0D2FEE007A6FA4 /* Release */,
			);
			defaultConfigurationIsVisible = 0;
			defaultConfigurationName = Release;
		};
		EFB4AB7F2E0D2FEE007A6FA4 /* Build configuration list for PBXNativeTarget "SignUpUIpracticeTests" */ = {
			isa = XCConfigurationList;
			buildConfigurations = (
				EFB4AB802E0D2FEE007A6FA4 /* Debug */,
				EFB4AB812E0D2FEE007A6FA4 /* Release */,
			);
			defaultConfigurationIsVisible = 0;
			defaultConfigurationName = Release;
		};
		EFB4AB822E0D2FEE007A6FA4 /* Build configuration list for PBXNativeTarget "SignUpUIpracticeUITests" */ = {
			isa = XCConfigurationList;
			buildConfigurations = (
				EFB4AB832E0D2FEE007A6FA4 /* Debug */,
				EFB4AB842E0D2FEE007A6FA4 /* Release */,
			);
			defaultConfigurationIsVisible = 0;
			defaultConfigurationName = Release;
		};
/* End XCConfigurationList section */
	};
	rootObject = EFB4AB492E0D2FEC007A6FA4 /* Project object */;
}
