// !$*UTF8*$!
{
	archiveVersion = 1;
	classes = {
	};
	objectVersion = 77;
	objects = {

/* Begin PBXContainerItemProxy section */
		EF48BC6D2E2B665100C7B494 /* PBXContainerItemProxy */ = {
			isa = PBXContainerItemProxy;
			containerPortal = EF48BC4E2E2B664F00C7B494 /* Project object */;
			proxyType = 1;
			remoteGlobalIDString = EF48BC552E2B664F00C7B494;
			remoteInfo = StarbucksList;
		};
		EF48BC772E2B665100C7B494 /* PBXContainerItemProxy */ = {
			isa = PBXContainerItemProxy;
			containerPortal = EF48BC4E2E2B664F00C7B494 /* Project object */;
			proxyType = 1;
			remoteGlobalIDString = EF48BC552E2B664F00C7B494;
			remoteInfo = StarbucksList;
		};
/* End PBXContainerItemProxy section */

/* Begin PBXFileReference section */
		EF48BC562E2B664F00C7B494 /* StarbucksList.app */ = {isa = PBXFileReference; explicitFileType = wrapper.application; includeInIndex = 0; path = StarbucksList.app; sourceTree = BUILT_PRODUCTS_DIR; };
		EF48BC6C2E2B665100C7B494 /* StarbucksListTests.xctest */ = {isa = PBXFileReference; explicitFileType = wrapper.cfbundle; includeInIndex = 0; path = StarbucksListTests.xctest; sourceTree = BUILT_PRODUCTS_DIR; };
		EF48BC762E2B665100C7B494 /* StarbucksListUITests.xctest */ = {isa = PBXFileReference; explicitFileType = wrapper.cfbundle; includeInIndex = 0; path = StarbucksListUITests.xctest; sourceTree = BUILT_PRODUCTS_DIR; };
/* End PBXFileReference section */

/* Begin PBXFileSystemSynchronizedBuildFileExceptionSet section */
		EF48BC7E2E2B665100C7B494 /* Exceptions for "StarbucksList" folder in "StarbucksList" target */ = {
			isa = PBXFileSystemSynchronizedBuildFileExceptionSet;
			membershipExceptions = (
				Info.plist,
			);
			target = EF48BC552E2B664F00C7B494 /* StarbucksList */;
		};
/* End PBXFileSystemSynchronizedBuildFileExceptionSet section */

/* Begin PBXFileSystemSynchronizedRootGroup section */
		EF48BC582E2B664F00C7B494 /* StarbucksList */ = {
			isa = PBXFileSystemSynchronizedRootGroup;
			exceptions = (
				EF48BC7E2E2B665100C7B494 /* Exceptions for "StarbucksList" folder in "StarbucksList" target */,
			);
			path = StarbucksList;
			sourceTree = "<group>";
		};
		EF48BC6F2E2B665100C7B494 /* StarbucksListTests */ = {
			isa = PBXFileSystemSynchronizedRootGroup;
			path = StarbucksListTests;
			sourceTree = "<group>";
		};
		EF48BC792E2B665100C7B494 /* StarbucksListUITests */ = {
			isa = PBXFileSystemSynchronizedRootGroup;
			path = StarbucksListUITests;
			sourceTree = "<group>";
		};
/* End PBXFileSystemSynchronizedRootGroup section */

/* Begin PBXFrameworksBuildPhase section */
		EF48BC532E2B664F00C7B494 /* Frameworks */ = {
			isa = PBXFrameworksBuildPhase;
			buildActionMask = 2147483647;
			files = (
			);
			runOnlyForDeploymentPostprocessing = 0;
		};
		EF48BC692E2B665100C7B494 /* Frameworks */ = {
			isa = PBXFrameworksBuildPhase;
			buildActionMask = 2147483647;
			files = (
			);
			runOnlyForDeploymentPostprocessing = 0;
		};
		EF48BC732E2B665100C7B494 /* Frameworks */ = {
			isa = PBXFrameworksBuildPhase;
			buildActionMask = 2147483647;
			files = (
			);
			runOnlyForDeploymentPostprocessing = 0;
		};
/* End PBXFrameworksBuildPhase section */

/* Begin PBXGroup section */
		EF48BC4D2E2B664F00C7B494 = {
			isa = PBXGroup;
			children = (
				EF48BC582E2B664F00C7B494 /* StarbucksList */,
				EF48BC6F2E2B665100C7B494 /* StarbucksListTests */,
				EF48BC792E2B665100C7B494 /* StarbucksListUITests */,
				EF48BC572E2B664F00C7B494 /* Products */,
			);
			sourceTree = "<group>";
		};
		EF48BC572E2B664F00C7B494 /* Products */ = {
			isa = PBXGroup;
			children = (
				EF48BC562E2B664F00C7B494 /* StarbucksList.app */,
				EF48BC6C2E2B665100C7B494 /* StarbucksListTests.xctest */,
				EF48BC762E2B665100C7B494 /* StarbucksListUITests.xctest */,
			);
			name = Products;
			sourceTree = "<group>";
		};
/* End PBXGroup section */

/* Begin PBXNativeTarget section */
		EF48BC552E2B664F00C7B494 /* StarbucksList */ = {
			isa = PBXNativeTarget;
			buildConfigurationList = EF48BC7F2E2B665100C7B494 /* Build configuration list for PBXNativeTarget "StarbucksList" */;
			buildPhases = (
				EF48BC522E2B664F00C7B494 /* Sources */,
				EF48BC532E2B664F00C7B494 /* Frameworks */,
				EF48BC542E2B664F00C7B494 /* Resources */,
			);
			buildRules = (
			);
			dependencies = (
			);
			fileSystemSynchronizedGroups = (
				EF48BC582E2B664F00C7B494 /* StarbucksList */,
			);
			name = StarbucksList;
			packageProductDependencies = (
			);
			productName = StarbucksList;
			productReference = EF48BC562E2B664F00C7B494 /* StarbucksList.app */;
			productType = "com.apple.product-type.application";
		};
		EF48BC6B2E2B665100C7B494 /* StarbucksListTests */ = {
			isa = PBXNativeTarget;
			buildConfigurationList = EF48BC842E2B665100C7B494 /* Build configuration list for PBXNativeTarget "StarbucksListTests" */;
			buildPhases = (
				EF48BC682E2B665100C7B494 /* Sources */,
				EF48BC692E2B665100C7B494 /* Frameworks */,
				EF48BC6A2E2B665100C7B494 /* Resources */,
			);
			buildRules = (
			);
			dependencies = (
				EF48BC6E2E2B665100C7B494 /* PBXTargetDependency */,
			);
			fileSystemSynchronizedGroups = (
				EF48BC6F2E2B665100C7B494 /* StarbucksListTests */,
			);
			name = StarbucksListTests;
			packageProductDependencies = (
			);
			productName = StarbucksListTests;
			productReference = EF48BC6C2E2B665100C7B494 /* StarbucksListTests.xctest */;
			productType = "com.apple.product-type.bundle.unit-test";
		};
		EF48BC752E2B665100C7B494 /* StarbucksListUITests */ = {
			isa = PBXNativeTarget;
			buildConfigurationList = EF48BC872E2B665100C7B494 /* Build configuration list for PBXNativeTarget "StarbucksListUITests" */;
			buildPhases = (
				EF48BC722E2B665100C7B494 /* Sources */,
				EF48BC732E2B665100C7B494 /* Frameworks */,
				EF48BC742E2B665100C7B494 /* Resources */,
			);
			buildRules = (
			);
			dependencies = (
				EF48BC782E2B665100C7B494 /* PBXTargetDependency */,
			);
			fileSystemSynchronizedGroups = (
				EF48BC792E2B665100C7B494 /* StarbucksListUITests */,
			);
			name = StarbucksListUITests;
			packageProductDependencies = (
			);
			productName = StarbucksListUITests;
			productReference = EF48BC762E2B665100C7B494 /* StarbucksListUITests.xctest */;
			productType = "com.apple.product-type.bundle.ui-testing";
		};
/* End PBXNativeTarget section */

/* Begin PBXProject section */
		EF48BC4E2E2B664F00C7B494 /* Project object */ = {
			isa = PBXProject;
			attributes = {
				BuildIndependentTargetsInParallel = 1;
				LastSwiftUpdateCheck = 1640;
				LastUpgradeCheck = 1640;
				TargetAttributes = {
					EF48BC552E2B664F00C7B494 = {
						CreatedOnToolsVersion = 16.4;
					};
					EF48BC6B2E2B665100C7B494 = {
						CreatedOnToolsVersion = 16.4;
						TestTargetID = EF48BC552E2B664F00C7B494;
					};
					EF48BC752E2B665100C7B494 = {
						CreatedOnToolsVersion = 16.4;
						TestTargetID = EF48BC552E2B664F00C7B494;
					};
				};
			};
			buildConfigurationList = EF48BC512E2B664F00C7B494 /* Build configuration list for PBXProject "StarbucksList" */;
			developmentRegion = en;
			hasScannedForEncodings = 0;
			knownRegions = (
				en,
				Base,
			);
			mainGroup = EF48BC4D2E2B664F00C7B494;
			minimizedProjectReferenceProxies = 1;
			preferredProjectObjectVersion = 77;
			productRefGroup = EF48BC572E2B664F00C7B494 /* Products */;
			projectDirPath = "";
			projectRoot = "";
			targets = (
				EF48BC552E2B664F00C7B494 /* StarbucksList */,
				EF48BC6B2E2B665100C7B494 /* StarbucksListTests */,
				EF48BC752E2B665100C7B494 /* StarbucksListUITests */,
			);
		};
/* End PBXProject section */

/* Begin PBXResourcesBuildPhase section */
		EF48BC542E2B664F00C7B494 /* Resources */ = {
			isa = PBXResourcesBuildPhase;
			buildActionMask = 2147483647;
			files = (
			);
			runOnlyForDeploymentPostprocessing = 0;
		};
		EF48BC6A2E2B665100C7B494 /* Resources */ = {
			isa = PBXResourcesBuildPhase;
			buildActionMask = 2147483647;
			files = (
			);
			runOnlyForDeploymentPostprocessing = 0;
		};
		EF48BC742E2B665100C7B494 /* Resources */ = {
			isa = PBXResourcesBuildPhase;
			buildActionMask = 2147483647;
			files = (
			);
			runOnlyForDeploymentPostprocessing = 0;
		};
/* End PBXResourcesBuildPhase section */

/* Begin PBXSourcesBuildPhase section */
		EF48BC522E2B664F00C7B494 /* Sources */ = {
			isa = PBXSourcesBuildPhase;
			buildActionMask = 2147483647;
			files = (
			);
			runOnlyForDeploymentPostprocessing = 0;
		};
		EF48BC682E2B665100C7B494 /* Sources */ = {
			isa = PBXSourcesBuildPhase;
			buildActionMask = 2147483647;
			files = (
			);
			runOnlyForDeploymentPostprocessing = 0;
		};
		EF48BC722E2B665100C7B494 /* Sources */ = {
			isa = PBXSourcesBuildPhase;
			buildActionMask = 2147483647;
			files = (
			);
			runOnlyForDeploymentPostprocessing = 0;
		};
/* End PBXSourcesBuildPhase section */

/* Begin PBXTargetDependency section */
		EF48BC6E2E2B665100C7B494 /* PBXTargetDependency */ = {
			isa = PBXTargetDependency;
			target = EF48BC552E2B664F00C7B494 /* StarbucksList */;
			targetProxy = EF48BC6D2E2B665100C7B494 /* PBXContainerItemProxy */;
		};
		EF48BC782E2B665100C7B494 /* PBXTargetDependency */ = {
			isa = PBXTargetDependency;
			target = EF48BC552E2B664F00C7B494 /* StarbucksList */;
			targetProxy = EF48BC772E2B665100C7B494 /* PBXContainerItemProxy */;
		};
/* End PBXTargetDependency section */

/* Begin XCBuildConfiguration section */
		EF48BC802E2B665100C7B494 /* Debug */ = {
			isa = XCBuildConfiguration;
			buildSettings = {
				ASSETCATALOG_COMPILER_APPICON_NAME = AppIcon;
				ASSETCATALOG_COMPILER_GLOBAL_ACCENT_COLOR_NAME = AccentColor;
				CODE_SIGN_STYLE = Automatic;
				CURRENT_PROJECT_VERSION = 1;
				GENERATE_INFOPLIST_FILE = YES;
				INFOPLIST_FILE = StarbucksList/Info.plist;
				INFOPLIST_KEY_UIApplicationSupportsIndirectInputEvents = YES;
				INFOPLIST_KEY_UILaunchStoryboardName = LaunchScreen;
				INFOPLIST_KEY_UIMainStoryboardFile = Main;
				INFOPLIST_KEY_UISupportedInterfaceOrientations_iPad = "UIInterfaceOrientationPortrait UIInterfaceOrientationPortraitUpsideDown UIInterfaceOrientationLandscapeLeft UIInterfaceOrientationLandscapeRight";
				INFOPLIST_KEY_UISupportedInterfaceOrientations_iPhone = "UIInterfaceOrientationPortrait UIInterfaceOrientationLandscapeLeft UIInterfaceOrientationLandscapeRight";
				LD_RUNPATH_SEARCH_PATHS = (
					"$(inherited)",
					"@executable_path/Frameworks",
				);
				MARKETING_VERSION = 1.0;
				PRODUCT_BUNDLE_IDENTIFIER = "Kang-Woo-Jung.StarbucksList";
				PRODUCT_NAME = "$(TARGET_NAME)";
				SWIFT_EMIT_LOC_STRINGS = YES;
				SWIFT_VERSION = 5.0;
				TARGETED_DEVICE_FAMILY = "1,2";
			};
			name = Debug;
		};
		EF48BC812E2B665100C7B494 /* Release */ = {
			isa = XCBuildConfiguration;
			buildSettings = {
				ASSETCATALOG_COMPILER_APPICON_NAME = AppIcon;
				ASSETCATALOG_COMPILER_GLOBAL_ACCENT_COLOR_NAME = AccentColor;
				CODE_SIGN_STYLE = Automatic;
				CURRENT_PROJECT_VERSION = 1;
				GENERATE_INFOPLIST_FILE = YES;
				INFOPLIST_FILE = StarbucksList/Info.plist;
				INFOPLIST_KEY_UIApplicationSupportsIndirectInputEvents = YES;
				INFOPLIST_KEY_UILaunchStoryboardName = LaunchScreen;
				INFOPLIST_KEY_UIMainStoryboardFile = Main;
				INFOPLIST_KEY_UISupportedInterfaceOrientations_iPad = "UIInterfaceOrientationPortrait UIInterfaceOrientationPortraitUpsideDown UIInterfaceOrientationLandscapeLeft UIInterfaceOrientationLandscapeRight";
				INFOPLIST_KEY_UISupportedInterfaceOrientations_iPhone = "UIInterfaceOrientationPortrait UIInterfaceOrientationLandscapeLeft UIInterfaceOrientationLandscapeRight";
				LD_RUNPATH_SEARCH_PATHS = (
					"$(inherited)",
					"@executable_path/Frameworks",
				);
				MARKETING_VERSION = 1.0;
				PRODUCT_BUNDLE_IDENTIFIER = "Kang-Woo-Jung.StarbucksList";
				PRODUCT_NAME = "$(TARGET_NAME)";
				SWIFT_EMIT_LOC_STRINGS = YES;
				SWIFT_VERSION = 5.0;
				TARGETED_DEVICE_FAMILY = "1,2";
			};
			name = Release;
		};
		EF48BC822E2B665100C7B494 /* Debug */ = {
			isa = XCBuildConfiguration;
			buildSettings = {
				ALWAYS_SEARCH_USER_PATHS = NO;
				ASSETCATALOG_COMPILER_GENERATE_SWIFT_ASSET_SYMBOL_EXTENSIONS = YES;
				CLANG_ANALYZER_NONNULL = YES;
				CLANG_ANALYZER_NUMBER_OBJECT_CONVERSION = YES_AGGRESSIVE;
				CLANG_CXX_LANGUAGE_STANDARD = "gnu++20";
				CLANG_ENABLE_MODULES = YES;
				CLANG_ENABLE_OBJC_ARC = YES;
				CLANG_ENABLE_OBJC_WEAK = YES;
				CLANG_WARN_BLOCK_CAPTURE_AUTORELEASING = YES;
				CLANG_WARN_BOOL_CONVERSION = YES;
				CLANG_WARN_COMMA = YES;
				CLANG_WARN_CONSTANT_CONVERSION = YES;
				CLANG_WARN_DEPRECATED_OBJC_IMPLEMENTATIONS = YES;
				CLANG_WARN_DIRECT_OBJC_ISA_USAGE = YES_ERROR;
				CLANG_WARN_DOCUMENTATION_COMMENTS = YES;
				CLANG_WARN_EMPTY_BODY = YES;
				CLANG_WARN_ENUM_CONVERSION = YES;
				CLANG_WARN_INFINITE_RECURSION = YES;
				CLANG_WARN_INT_CONVERSION = YES;
				CLANG_WARN_NON_LITERAL_NULL_CONVERSION = YES;
				CLANG_WARN_OBJC_IMPLICIT_RETAIN_SELF = YES;
				CLANG_WARN_OBJC_LITERAL_CONVERSION = YES;
				CLANG_WARN_OBJC_ROOT_CLASS = YES_ERROR;
				CLANG_WARN_QUOTED_INCLUDE_IN_FRAMEWORK_HEADER = YES;
				CLANG_WARN_RANGE_LOOP_ANALYSIS = YES;
				CLANG_WARN_STRICT_PROTOTYPES = YES;
				CLANG_WARN_SUSPICIOUS_MOVE = YES;
				CLANG_WARN_UNGUARDED_AVAILABILITY = YES_AGGRESSIVE;
				CLANG_WARN_UNREACHABLE_CODE = YES;
				CLANG_WARN__DUPLICATE_METHOD_MATCH = YES;
				COPY_PHASE_STRIP = NO;
				DEBUG_INFORMATION_FORMAT = dwarf;
				ENABLE_STRICT_OBJC_MSGSEND = YES;
				ENABLE_TESTABILITY = YES;
				ENABLE_USER_SCRIPT_SANDBOXING = YES;
				GCC_C_LANGUAGE_STANDARD = gnu17;
				GCC_DYNAMIC_NO_PIC = NO;
				GCC_NO_COMMON_BLOCKS = YES;
				GCC_OPTIMIZATION_LEVEL = 0;
				GCC_PREPROCESSOR_DEFINITIONS = (
					"DEBUG=1",
					"$(inherited)",
				);
				GCC_WARN_64_TO_32_BIT_CONVERSION = YES;
				GCC_WARN_ABOUT_RETURN_TYPE = YES_ERROR;
				GCC_WARN_UNDECLARED_SELECTOR = YES;
				GCC_WARN_UNINITIALIZED_AUTOS = YES_AGGRESSIVE;
				GCC_WARN_UNUSED_FUNCTION = YES;
				GCC_WARN_UNUSED_VARIABLE = YES;
				IPHONEOS_DEPLOYMENT_TARGET = 18.5;
				LOCALIZATION_PREFERS_STRING_CATALOGS = YES;
				MTL_ENABLE_DEBUG_INFO = INCLUDE_SOURCE;
				MTL_FAST_MATH = YES;
				ONLY_ACTIVE_ARCH = YES;
				SDKROOT = iphoneos;
				SWIFT_ACTIVE_COMPILATION_CONDITIONS = "DEBUG $(inherited)";
				SWIFT_OPTIMIZATION_LEVEL = "-Onone";
			};
			name = Debug;
		};
		EF48BC832E2B665100C7B494 /* Release */ = {
			isa = XCBuildConfiguration;
			buildSettings = {
				ALWAYS_SEARCH_USER_PATHS = NO;
				ASSETCATALOG_COMPILER_GENERATE_SWIFT_ASSET_SYMBOL_EXTENSIONS = YES;
				CLANG_ANALYZER_NONNULL = YES;
				CLANG_ANALYZER_NUMBER_OBJECT_CONVERSION = YES_AGGRESSIVE;
				CLANG_CXX_LANGUAGE_STANDARD = "gnu++20";
				CLANG_ENABLE_MODULES = YES;
				CLANG_ENABLE_OBJC_ARC = YES;
				CLANG_ENABLE_OBJC_WEAK = YES;
				CLANG_WARN_BLOCK_CAPTURE_AUTORELEASING = YES;
				CLANG_WARN_BOOL_CONVERSION = YES;
				CLANG_WARN_COMMA = YES;
				CLANG_WARN_CONSTANT_CONVERSION = YES;
				CLANG_WARN_DEPRECATED_OBJC_IMPLEMENTATIONS = YES;
				CLANG_WARN_DIRECT_OBJC_ISA_USAGE = YES_ERROR;
				CLANG_WARN_DOCUMENTATION_COMMENTS = YES;
				CLANG_WARN_EMPTY_BODY = YES;
				CLANG_WARN_ENUM_CONVERSION = YES;
				CLANG_WARN_INFINITE_RECURSION = YES;
				CLANG_WARN_INT_CONVERSION = YES;
				CLANG_WARN_NON_LITERAL_NULL_CONVERSION = YES;
				CLANG_WARN_OBJC_IMPLICIT_RETAIN_SELF = YES;
				CLANG_WARN_OBJC_LITERAL_CONVERSION = YES;
				CLANG_WARN_OBJC_ROOT_CLASS = YES_ERROR;
				CLANG_WARN_QUOTED_INCLUDE_IN_FRAMEWORK_HEADER = YES;
				CLANG_WARN_RANGE_LOOP_ANALYSIS = YES;
				CLANG_WARN_STRICT_PROTOTYPES = YES;
				CLANG_WARN_SUSPICIOUS_MOVE = YES;
				CLANG_WARN_UNGUARDED_AVAILABILITY = YES_AGGRESSIVE;
				CLANG_WARN_UNREACHABLE_CODE = YES;
				CLANG_WARN__DUPLICATE_METHOD_MATCH = YES;
				COPY_PHASE_STRIP = NO;
				DEBUG_INFORMATION_FORMAT = "dwarf-with-dsym";
				ENABLE_NS_ASSERTIONS = NO;
				ENABLE_STRICT_OBJC_MSGSEND = YES;
				ENABLE_USER_SCRIPT_SANDBOXING = YES;
				GCC_C_LANGUAGE_STANDARD = gnu17;
				GCC_NO_COMMON_BLOCKS = YES;
				GCC_WARN_64_TO_32_BIT_CONVERSION = YES;
				GCC_WARN_ABOUT_RETURN_TYPE = YES_ERROR;
				GCC_WARN_UNDECLARED_SELECTOR = YES;
				GCC_WARN_UNINITIALIZED_AUTOS = YES_AGGRESSIVE;
				GCC_WARN_UNUSED_FUNCTION = YES;
				GCC_WARN_UNUSED_VARIABLE = YES;
				IPHONEOS_DEPLOYMENT_TARGET = 18.5;
				LOCALIZATION_PREFERS_STRING_CATALOGS = YES;
				MTL_ENABLE_DEBUG_INFO = NO;
				MTL_FAST_MATH = YES;
				SDKROOT = iphoneos;
				SWIFT_COMPILATION_MODE = wholemodule;
				VALIDATE_PRODUCT = YES;
			};
			name = Release;
		};
		EF48BC852E2B665100C7B494 /* Debug */ = {
			isa = XCBuildConfiguration;
			buildSettings = {
				BUNDLE_LOADER = "$(TEST_HOST)";
				CODE_SIGN_STYLE = Automatic;
				CURRENT_PROJECT_VERSION = 1;
				GENERATE_INFOPLIST_FILE = YES;
				IPHONEOS_DEPLOYMENT_TARGET = 18.5;
				MARKETING_VERSION = 1.0;
				PRODUCT_BUNDLE_IDENTIFIER = "Kang-Woo-Jung.StarbucksListTests";
				PRODUCT_NAME = "$(TARGET_NAME)";
				SWIFT_EMIT_LOC_STRINGS = NO;
				SWIFT_VERSION = 5.0;
				TARGETED_DEVICE_FAMILY = "1,2";
				TEST_HOST = "$(BUILT_PRODUCTS_DIR)/StarbucksList.app/$(BUNDLE_EXECUTABLE_FOLDER_PATH)/StarbucksList";
			};
			name = Debug;
		};
		EF48BC862E2B665100C7B494 /* Release */ = {
			isa = XCBuildConfiguration;
			buildSettings = {
				BUNDLE_LOADER = "$(TEST_HOST)";
				CODE_SIGN_STYLE = Automatic;
				CURRENT_PROJECT_VERSION = 1;
				GENERATE_INFOPLIST_FILE = YES;
				IPHONEOS_DEPLOYMENT_TARGET = 18.5;
				MARKETING_VERSION = 1.0;
				PRODUCT_BUNDLE_IDENTIFIER = "Kang-Woo-Jung.StarbucksListTests";
				PRODUCT_NAME = "$(TARGET_NAME)";
				SWIFT_EMIT_LOC_STRINGS = NO;
				SWIFT_VERSION = 5.0;
				TARGETED_DEVICE_FAMILY = "1,2";
				TEST_HOST = "$(BUILT_PRODUCTS_DIR)/StarbucksList.app/$(BUNDLE_EXECUTABLE_FOLDER_PATH)/StarbucksList";
			};
			name = Release;
		};
		EF48BC882E2B665100C7B494 /* Debug */ = {
			isa = XCBuildConfiguration;
			buildSettings = {
				CODE_SIGN_STYLE = Automatic;
				CURRENT_PROJECT_VERSION = 1;
				GENERATE_INFOPLIST_FILE = YES;
				MARKETING_VERSION = 1.0;
				PRODUCT_BUNDLE_IDENTIFIER = "Kang-Woo-Jung.StarbucksListUITests";
				PRODUCT_NAME = "$(TARGET_NAME)";
				SWIFT_EMIT_LOC_STRINGS = NO;
				SWIFT_VERSION = 5.0;
				TARGETED_DEVICE_FAMILY = "1,2";
				TEST_TARGET_NAME = StarbucksList;
			};
			name = Debug;
		};
		EF48BC892E2B665100C7B494 /* Release */ = {
			isa = XCBuildConfiguration;
			buildSettings = {
				CODE_SIGN_STYLE = Automatic;
				CURRENT_PROJECT_VERSION = 1;
				GENERATE_INFOPLIST_FILE = YES;
				MARKETING_VERSION = 1.0;
				PRODUCT_BUNDLE_IDENTIFIER = "Kang-Woo-Jung.StarbucksListUITests";
				PRODUCT_NAME = "$(TARGET_NAME)";
				SWIFT_EMIT_LOC_STRINGS = NO;
				SWIFT_VERSION = 5.0;
				TARGETED_DEVICE_FAMILY = "1,2";
				TEST_TARGET_NAME = StarbucksList;
			};
			name = Release;
		};
/* End XCBuildConfiguration section */

/* Begin XCConfigurationList section */
		EF48BC512E2B664F00C7B494 /* Build configuration list for PBXProject "StarbucksList" */ = {
			isa = XCConfigurationList;
			buildConfigurations = (
				EF48BC822E2B665100C7B494 /* Debug */,
				EF48BC832E2B665100C7B494 /* Release */,
			);
			defaultConfigurationIsVisible = 0;
			defaultConfigurationName = Release;
		};
		EF48BC7F2E2B665100C7B494 /* Build configuration list for PBXNativeTarget "StarbucksList" */ = {
			isa = XCConfigurationList;
			buildConfigurations = (
				EF48BC802E2B665100C7B494 /* Debug */,
				EF48BC812E2B665100C7B494 /* Release */,
			);
			defaultConfigurationIsVisible = 0;
			defaultConfigurationName = Release;
		};
		EF48BC842E2B665100C7B494 /* Build configuration list for PBXNativeTarget "StarbucksListTests" */ = {
			isa = XCConfigurationList;
			buildConfigurations = (
				EF48BC852E2B665100C7B494 /* Debug */,
				EF48BC862E2B665100C7B494 /* Release */,
			);
			defaultConfigurationIsVisible = 0;
			defaultConfigurationName = Release;
		};
		EF48BC872E2B665100C7B494 /* Build configuration list for PBXNativeTarget "StarbucksListUITests" */ = {
			isa = XCConfigurationList;
			buildConfigurations = (
				EF48BC882E2B665100C7B494 /* Debug */,
				EF48BC892E2B665100C7B494 /* Release */,
			);
			defaultConfigurationIsVisible = 0;
			defaultConfigurationName = Release;
		};
/* End XCConfigurationList section */
	};
	rootObject = EF48BC4E2E2B664F00C7B494 /* Project object */;
}
